
Microsoft Visual Studio Solution File, Format Version 12.00
# Visual Studio Version 16
VisualStudioVersion = 16.0.30225.117
MinimumVisualStudioVersion = 10.0.40219.1
Project("{9A19103F-16F7-4668-BE54-9A1E7A4F7556}") = "RestaurantManagement.UI", "RestaurantManagement.UI\RestaurantManagement.UI.csproj", "{3B19C7EF-1D2E-49D4-B2AD-5987F6F9BBD3}"
EndProject
Project("{9A19103F-16F7-4668-BE54-9A1E7A4F7556}") = "RestaurantManagement.BusinessLogic", "RestaurantManagement.BusinessLogic\RestaurantManagement.BusinessLogic.csproj", "{31212971-2EBE-4976-B325-CFBA4F3711F2}"
EndProject
Project("{9A19103F-16F7-4668-BE54-9A1E7A4F7556}") = "RestaurantManagement.Contracts", "RestaurantManagement.Contracts\RestaurantManagement.Contracts.csproj", "{DD2B7AB7-81A7-4E48-BF59-86C73935FBB6}"
EndProject
Project("{9A19103F-16F7-4668-BE54-9A1E7A4F7556}") = "RestaurantManagement.Data", "RestaurantManagement.EF.CodeFirst\RestaurantManagement.Data.csproj", "{285D04C6-DE72-4781-953A-A496D75E9F4D}"
EndProject
Project("{9A19103F-16F7-4668-BE54-9A1E7A4F7556}") = "RestaurantManagement.WebApp", "RestaurantManagement.WebApp\RestaurantManagement.WebApp.csproj", "{BB0C9D8C-C5D6-4BB9-8D77-5BC67A8FD2B1}"
EndProject
Global
	GlobalSection(SolutionConfigurationPlatforms) = preSolution
		Debug|Any CPU = Debug|Any CPU
		Release|Any CPU = Release|Any CPU
	EndGlobalSection
	GlobalSection(ProjectConfigurationPlatforms) = postSolution
		{3B19C7EF-1D2E-49D4-B2AD-5987F6F9BBD3}.Debug|Any CPU.ActiveCfg = Debug|Any CPU
		{3B19C7EF-1D2E-49D4-B2AD-5987F6F9BBD3}.Debug|Any CPU.Build.0 = Debug|Any CPU
		{3B19C7EF-1D2E-49D4-B2AD-5987F6F9BBD3}.Release|Any CPU.ActiveCfg = Release|Any CPU
		{3B19C7EF-1D2E-49D4-B2AD-5987F6F9BBD3}.Release|Any CPU.Build.0 = Release|Any CPU
		{31212971-2EBE-4976-B325-CFBA4F3711F2}.Debug|Any CPU.ActiveCfg = Debug|Any CPU
		{31212971-2EBE-4976-B325-CFBA4F3711F2}.Debug|Any CPU.Build.0 = Debug|Any CPU
		{31212971-2EBE-4976-B325-CFBA4F3711F2}.Release|Any CPU.ActiveCfg = Release|Any CPU
		{31212971-2EBE-4976-B325-CFBA4F3711F2}.Release|Any CPU.Build.0 = Release|Any CPU
		{DD2B7AB7-81A7-4E48-BF59-86C73935FBB6}.Debug|Any CPU.ActiveCfg = Debug|Any CPU
		{DD2B7AB7-81A7-4E48-BF59-86C73935FBB6}.Debug|Any CPU.Build.0 = Debug|Any CPU
		{DD2B7AB7-81A7-4E48-BF59-86C73935FBB6}.Release|Any CPU.ActiveCfg = Release|Any CPU
		{DD2B7AB7-81A7-4E48-BF59-86C73935FBB6}.Release|Any CPU.Build.0 = Release|Any CPU
		{285D04C6-DE72-4781-953A-A496D75E9F4D}.Debug|Any CPU.ActiveCfg = Debug|Any CPU
		{285D04C6-DE72-4781-953A-A496D75E9F4D}.Debug|Any CPU.Build.0 = Debug|Any CPU
		{285D04C6-DE72-4781-953A-A496D75E9F4D}.Release|Any CPU.ActiveCfg = Release|Any CPU
		{285D04C6-DE72-4781-953A-A496D75E9F4D}.Release|Any CPU.Build.0 = Release|Any CPU
		{BB0C9D8C-C5D6-4BB9-8D77-5BC67A8FD2B1}.Debug|Any CPU.ActiveCfg = Debug|Any CPU
		{BB0C9D8C-C5D6-4BB9-8D77-5BC67A8FD2B1}.Debug|Any CPU.Build.0 = Debug|Any CPU
		{BB0C9D8C-C5D6-4BB9-8D77-5BC67A8FD2B1}.Release|Any CPU.ActiveCfg = Release|Any CPU
		{BB0C9D8C-C5D6-4BB9-8D77-5BC67A8FD2B1}.Release|Any CPU.Build.0 = Release|Any CPU
	EndGlobalSection
	GlobalSection(SolutionProperties) = preSolution
		HideSolutionNode = FALSE
	EndGlobalSection
	GlobalSection(ExtensibilityGlobals) = postSolution
		SolutionGuid = {39644D7E-E1C2-4055-A972-0E39BABF492B}
	EndGlobalSection
EndGlobal
