
Microsoft Visual Studio Solution File, Format Version 12.00
# Visual Studio Version 16
VisualStudioVersion = 16.0.30225.117
MinimumVisualStudioVersion = 10.0.40219.1
Project("{9A19103F-16F7-4668-BE54-9A1E7A4F7556}") = "RestaurantManagement.BusinessLogic", "RestaurantManagement.BusinessLogic\RestaurantManagement.BusinessLogic.csproj", "{31212971-2EBE-4976-B325-CFBA4F3711F2}"
EndProject
Project("{9A19103F-16F7-4668-BE54-9A1E7A4F7556}") = "RestaurantManagement.Contracts", "RestaurantManagement.Contracts\RestaurantManagement.Contracts.csproj", "{DD2B7AB7-81A7-4E48-BF59-86C73935FBB6}"
EndProject
Project("{9A19103F-16F7-4668-BE54-9A1E7A4F7556}") = "RestaurantManagement.WebApp", "RestaurantManagement.WebApp\RestaurantManagement.WebApp.csproj", "{BB0C9D8C-C5D6-4BB9-8D77-5BC67A8FD2B1}"
EndProject
Project("{9A19103F-16F7-4668-BE54-9A1E7A4F7556}") = "RestaurantManagement.Data", "RestaurantManagement.Data\RestaurantManagement.Data.csproj", "{4A099EC0-9BC2-45C2-BA2E-D60494BF58E0}"
EndProject
Project("{9A19103F-16F7-4668-BE54-9A1E7A4F7556}") = "RestaurantManagement.Interfaces", "RestaurantManagement.Interfaces\RestaurantManagement.Interfaces.csproj", "{E41C0810-BCBA-4451-868D-00417E0E3FF6}"
EndProject
Project("{9A19103F-16F7-4668-BE54-9A1E7A4F7556}") = "RestaurantManagement.Tests", "RestaurantManagement.Tests\RestaurantManagement.Tests.csproj", "{BA3350A5-A60A-45F1-8021-75D56E5D129B}"
EndProject
Project("{FAE04EC0-301F-11D3-BF4B-00C04F79EFBC}") = "RestaurantManagement.IdentityServer", "RestaurantManagement.IdentityServer\RestaurantManagement.IdentityServer.csproj", "{A9634483-1E39-49A6-AB0C-9AAD1EFF127C}"
EndProject
Global
	GlobalSection(SolutionConfigurationPlatforms) = preSolution
		Debug|Any CPU = Debug|Any CPU
		Release|Any CPU = Release|Any CPU
	EndGlobalSection
	GlobalSection(ProjectConfigurationPlatforms) = postSolution
		{31212971-2EBE-4976-B325-CFBA4F3711F2}.Debug|Any CPU.ActiveCfg = Debug|Any CPU
		{31212971-2EBE-4976-B325-CFBA4F3711F2}.Debug|Any CPU.Build.0 = Debug|Any CPU
		{31212971-2EBE-4976-B325-CFBA4F3711F2}.Release|Any CPU.ActiveCfg = Release|Any CPU
		{31212971-2EBE-4976-B325-CFBA4F3711F2}.Release|Any CPU.Build.0 = Release|Any CPU
		{DD2B7AB7-81A7-4E48-BF59-86C73935FBB6}.Debug|Any CPU.ActiveCfg = Debug|Any CPU
		{DD2B7AB7-81A7-4E48-BF59-86C73935FBB6}.Debug|Any CPU.Build.0 = Debug|Any CPU
		{DD2B7AB7-81A7-4E48-BF59-86C73935FBB6}.Release|Any CPU.ActiveCfg = Release|Any CPU
		{DD2B7AB7-81A7-4E48-BF59-86C73935FBB6}.Release|Any CPU.Build.0 = Release|Any CPU
		{BB0C9D8C-C5D6-4BB9-8D77-5BC67A8FD2B1}.Debug|Any CPU.ActiveCfg = Debug|Any CPU
		{BB0C9D8C-C5D6-4BB9-8D77-5BC67A8FD2B1}.Debug|Any CPU.Build.0 = Debug|Any CPU
		{BB0C9D8C-C5D6-4BB9-8D77-5BC67A8FD2B1}.Release|Any CPU.ActiveCfg = Release|Any CPU
		{BB0C9D8C-C5D6-4BB9-8D77-5BC67A8FD2B1}.Release|Any CPU.Build.0 = Release|Any CPU
		{4A099EC0-9BC2-45C2-BA2E-D60494BF58E0}.Debug|Any CPU.ActiveCfg = Debug|Any CPU
		{4A099EC0-9BC2-45C2-BA2E-D60494BF58E0}.Debug|Any CPU.Build.0 = Debug|Any CPU
		{4A099EC0-9BC2-45C2-BA2E-D60494BF58E0}.Release|Any CPU.ActiveCfg = Release|Any CPU
		{4A099EC0-9BC2-45C2-BA2E-D60494BF58E0}.Release|Any CPU.Build.0 = Release|Any CPU
		{E41C0810-BCBA-4451-868D-00417E0E3FF6}.Debug|Any CPU.ActiveCfg = Debug|Any CPU
		{E41C0810-BCBA-4451-868D-00417E0E3FF6}.Debug|Any CPU.Build.0 = Debug|Any CPU
		{E41C0810-BCBA-4451-868D-00417E0E3FF6}.Release|Any CPU.ActiveCfg = Release|Any CPU
		{E41C0810-BCBA-4451-868D-00417E0E3FF6}.Release|Any CPU.Build.0 = Release|Any CPU
		{BA3350A5-A60A-45F1-8021-75D56E5D129B}.Debug|Any CPU.ActiveCfg = Debug|Any CPU
		{BA3350A5-A60A-45F1-8021-75D56E5D129B}.Debug|Any CPU.Build.0 = Debug|Any CPU
		{BA3350A5-A60A-45F1-8021-75D56E5D129B}.Release|Any CPU.ActiveCfg = Release|Any CPU
		{BA3350A5-A60A-45F1-8021-75D56E5D129B}.Release|Any CPU.Build.0 = Release|Any CPU
		{A9634483-1E39-49A6-AB0C-9AAD1EFF127C}.Debug|Any CPU.ActiveCfg = Debug|Any CPU
		{A9634483-1E39-49A6-AB0C-9AAD1EFF127C}.Debug|Any CPU.Build.0 = Debug|Any CPU
		{A9634483-1E39-49A6-AB0C-9AAD1EFF127C}.Release|Any CPU.ActiveCfg = Release|Any CPU
		{A9634483-1E39-49A6-AB0C-9AAD1EFF127C}.Release|Any CPU.Build.0 = Release|Any CPU
	EndGlobalSection
	GlobalSection(SolutionProperties) = preSolution
		HideSolutionNode = FALSE
	EndGlobalSection
	GlobalSection(ExtensibilityGlobals) = postSolution
		SolutionGuid = {39644D7E-E1C2-4055-A972-0E39BABF492B}
	EndGlobalSection
EndGlobal
